
Microsoft Visual Studio Solution File, Format Version 12.00
# Visual Studio Version 17
VisualStudioVersion = 17.13.35828.75 d17.13
MinimumVisualStudioVersion = 10.0.40219.1
Project("{FAE04EC0-301F-11D3-BF4B-00C04F79EFBC}") = "SpecStore.Api", "SpecStore.Api\SpecStore.Api.csproj", "{E1E8DCA6-5427-47D6-91FD-80652DC468D3}"
EndProject
Project("{FAE04EC0-301F-11D3-BF4B-00C04F79EFBC}") = "SpecStore.Application", "SpecStore.Application\SpecStore.Application.csproj", "{C98DCEFC-5BAC-4C91-98DC-6D46A065F3E6}"
EndProject
Project("{FAE04EC0-301F-11D3-BF4B-00C04F79EFBC}") = "SpecStore.Domain", "SpecStore.Domain\SpecStore.Domain.csproj", "{925D65D2-D886-4C23-B532-A42BF47B0658}"
EndProject
Project("{FAE04EC0-301F-11D3-BF4B-00C04F79EFBC}") = "SpecStore", "SpecStore\SpecStore.csproj", "{4D9A731B-763C-450E-97FB-B724A83C3033}"
EndProject
Project("{FAE04EC0-301F-11D3-BF4B-00C04F79EFBC}") = "SpecStore.Test.Unit", "SpecStore.Test.Unit\SpecStore.Test.Unit.csproj", "{D6F65F4B-A403-4601-B2F9-7B015F5786AD}"
EndProject
Global
	GlobalSection(SolutionConfigurationPlatforms) = preSolution
		Debug|Any CPU = Debug|Any CPU
		Release|Any CPU = Release|Any CPU
	EndGlobalSection
	GlobalSection(ProjectConfigurationPlatforms) = postSolution
		{E1E8DCA6-5427-47D6-91FD-80652DC468D3}.Debug|Any CPU.ActiveCfg = Debug|Any CPU
		{E1E8DCA6-5427-47D6-91FD-80652DC468D3}.Debug|Any CPU.Build.0 = Debug|Any CPU
		{E1E8DCA6-5427-47D6-91FD-80652DC468D3}.Release|Any CPU.ActiveCfg = Release|Any CPU
		{E1E8DCA6-5427-47D6-91FD-80652DC468D3}.Release|Any CPU.Build.0 = Release|Any CPU
		{C98DCEFC-5BAC-4C91-98DC-6D46A065F3E6}.Debug|Any CPU.ActiveCfg = Debug|Any CPU
		{C98DCEFC-5BAC-4C91-98DC-6D46A065F3E6}.Debug|Any CPU.Build.0 = Debug|Any CPU
		{C98DCEFC-5BAC-4C91-98DC-6D46A065F3E6}.Release|Any CPU.ActiveCfg = Release|Any CPU
		{C98DCEFC-5BAC-4C91-98DC-6D46A065F3E6}.Release|Any CPU.Build.0 = Release|Any CPU
		{925D65D2-D886-4C23-B532-A42BF47B0658}.Debug|Any CPU.ActiveCfg = Debug|Any CPU
		{925D65D2-D886-4C23-B532-A42BF47B0658}.Debug|Any CPU.Build.0 = Debug|Any CPU
		{925D65D2-D886-4C23-B532-A42BF47B0658}.Release|Any CPU.ActiveCfg = Release|Any CPU
		{925D65D2-D886-4C23-B532-A42BF47B0658}.Release|Any CPU.Build.0 = Release|Any CPU
		{4D9A731B-763C-450E-97FB-B724A83C3033}.Debug|Any CPU.ActiveCfg = Debug|Any CPU
		{4D9A731B-763C-450E-97FB-B724A83C3033}.Debug|Any CPU.Build.0 = Debug|Any CPU
		{4D9A731B-763C-450E-97FB-B724A83C3033}.Release|Any CPU.ActiveCfg = Release|Any CPU
		{4D9A731B-763C-450E-97FB-B724A83C3033}.Release|Any CPU.Build.0 = Release|Any CPU
		{D6F65F4B-A403-4601-B2F9-7B015F5786AD}.Debug|Any CPU.ActiveCfg = Debug|Any CPU
		{D6F65F4B-A403-4601-B2F9-7B015F5786AD}.Debug|Any CPU.Build.0 = Debug|Any CPU
		{D6F65F4B-A403-4601-B2F9-7B015F5786AD}.Release|Any CPU.ActiveCfg = Release|Any CPU
		{D6F65F4B-A403-4601-B2F9-7B015F5786AD}.Release|Any CPU.Build.0 = Release|Any CPU
	EndGlobalSection
	GlobalSection(SolutionProperties) = preSolution
		HideSolutionNode = FALSE
	EndGlobalSection
	GlobalSection(ExtensibilityGlobals) = postSolution
		SolutionGuid = {40CB7A48-AAD7-4859-B96D-BD77C9C9B993}
	EndGlobalSection
EndGlobal
